name: Generate package-lock

on:
  workflow_dispatch:

permissions:
  contents: write   # ✅ THIS IS THE FIX

jobs:
  generate-lock:
    runs-on: ubuntu-latest

    steps:
      - uses: actions/checkout@v4

      - uses: actions/setup-node@v4
        with:
          node-version: 18

      - name: Install dependencies (generate lock)
        run: npm install

      - name: Commit lock file
        run: |
          git config user.name "github-actions"
          git config user.email "github-actions@github.com"
          git add package-lock.json
          git commit -m "Add package-lock.json"
          git push
